// !$*UTF8*$!
{
	archiveVersion = 1;
	classes = {
	};
	objectVersion = 55;
	objects = {

/* Begin PBXBuildFile section */
		797643D02873398C000EA1ED /* MealDetailTitleLabel.swift in Sources */ = {isa = PBXBuildFile; fileRef = 797643CF2873398C000EA1ED /* MealDetailTitleLabel.swift */; };
		797643D428733AFC000EA1ED /* MealDetailImageView.swift in Sources */ = {isa = PBXBuildFile; fileRef = 797643D328733AFC000EA1ED /* MealDetailImageView.swift */; };
		797643D628733BBE000EA1ED /* MealDetailIngredientsLabel.swift in Sources */ = {isa = PBXBuildFile; fileRef = 797643D528733BBE000EA1ED /* MealDetailIngredientsLabel.swift */; };
		797643D828733D9E000EA1ED /* MealDetailDirectionsLabel.swift in Sources */ = {isa = PBXBuildFile; fileRef = 797643D728733D9E000EA1ED /* MealDetailDirectionsLabel.swift */; };
		797643DA28733E03000EA1ED /* MealDetailDirectionsTextLabel.swift in Sources */ = {isa = PBXBuildFile; fileRef = 797643D928733E03000EA1ED /* MealDetailDirectionsTextLabel.swift */; };
		797643DC28733F6C000EA1ED /* MealDetailScrollView.swift in Sources */ = {isa = PBXBuildFile; fileRef = 797643DB28733F6C000EA1ED /* MealDetailScrollView.swift */; };
		797643DE287341CA000EA1ED /* MealDetailIngredientList.swift in Sources */ = {isa = PBXBuildFile; fileRef = 797643DD287341CA000EA1ED /* MealDetailIngredientList.swift */; };
		798768CD2868CAC200D2FA9E /* AppDelegate.swift in Sources */ = {isa = PBXBuildFile; fileRef = 798768CC2868CAC200D2FA9E /* AppDelegate.swift */; };
		798768CF2868CAC200D2FA9E /* SceneDelegate.swift in Sources */ = {isa = PBXBuildFile; fileRef = 798768CE2868CAC200D2FA9E /* SceneDelegate.swift */; };
		798768D62868CAC300D2FA9E /* Assets.xcassets in Resources */ = {isa = PBXBuildFile; fileRef = 798768D52868CAC300D2FA9E /* Assets.xcassets */; };
		798768D92868CAC300D2FA9E /* LaunchScreen.storyboard in Resources */ = {isa = PBXBuildFile; fileRef = 798768D72868CAC300D2FA9E /* LaunchScreen.storyboard */; };
		798768E12868D4EE00D2FA9E /* Meal.swift in Sources */ = {isa = PBXBuildFile; fileRef = 798768E02868D4EE00D2FA9E /* Meal.swift */; };
		798768E32868D70400D2FA9E /* MealDetail.swift in Sources */ = {isa = PBXBuildFile; fileRef = 798768E22868D70400D2FA9E /* MealDetail.swift */; };
		798768F02868F1E700D2FA9E /* Kingfisher in Frameworks */ = {isa = PBXBuildFile; productRef = 798768EF2868F1E700D2FA9E /* Kingfisher */; };
		798768F2286A510F00D2FA9E /* Image-Resizable.swift in Sources */ = {isa = PBXBuildFile; fileRef = 798768F1286A510F00D2FA9E /* Image-Resizable.swift */; };
		79A46F21286F906C0033BF6E /* MealListTableViewController.swift in Sources */ = {isa = PBXBuildFile; fileRef = 79A46F20286F906C0033BF6E /* MealListTableViewController.swift */; };
		79A46F23286F90E10033BF6E /* MealListTableViewDataSource.swift in Sources */ = {isa = PBXBuildFile; fileRef = 79A46F22286F90E10033BF6E /* MealListTableViewDataSource.swift */; };
		79A46F27286FD5AA0033BF6E /* UIView-Anchor.swift in Sources */ = {isa = PBXBuildFile; fileRef = 79A46F26286FD5AA0033BF6E /* UIView-Anchor.swift */; };
		79A46F29286FDDB10033BF6E /* MealDetailViewController.swift in Sources */ = {isa = PBXBuildFile; fileRef = 79A46F28286FDDB10033BF6E /* MealDetailViewController.swift */; };
		79A46F2D286FEC8E0033BF6E /* DecodableDefaultSource.swift in Sources */ = {isa = PBXBuildFile; fileRef = 79A46F2C286FEC8E0033BF6E /* DecodableDefaultSource.swift */; };
		79A46F31287238EF0033BF6E /* MealDetailViewController+Layout.swift in Sources */ = {isa = PBXBuildFile; fileRef = 79A46F30287238EF0033BF6E /* MealDetailViewController+Layout.swift */; };
		79A46F33287245810033BF6E /* MealListTableViewController+Layout.swift in Sources */ = {isa = PBXBuildFile; fileRef = 79A46F32287245810033BF6E /* MealListTableViewController+Layout.swift */; };
/* End PBXBuildFile section */

/* Begin PBXFileReference section */
		797643CF2873398C000EA1ED /* MealDetailTitleLabel.swift */ = {isa = PBXFileReference; lastKnownFileType = sourcecode.swift; path = MealDetailTitleLabel.swift; sourceTree = "<group>"; };
		797643D328733AFC000EA1ED /* MealDetailImageView.swift */ = {isa = PBXFileReference; lastKnownFileType = sourcecode.swift; path = MealDetailImageView.swift; sourceTree = "<group>"; };
		797643D528733BBE000EA1ED /* MealDetailIngredientsLabel.swift */ = {isa = PBXFileReference; lastKnownFileType = sourcecode.swift; path = MealDetailIngredientsLabel.swift; sourceTree = "<group>"; };
		797643D728733D9E000EA1ED /* MealDetailDirectionsLabel.swift */ = {isa = PBXFileReference; lastKnownFileType = sourcecode.swift; path = MealDetailDirectionsLabel.swift; sourceTree = "<group>"; };
		797643D928733E03000EA1ED /* MealDetailDirectionsTextLabel.swift */ = {isa = PBXFileReference; lastKnownFileType = sourcecode.swift; path = MealDetailDirectionsTextLabel.swift; sourceTree = "<group>"; };
		797643DB28733F6C000EA1ED /* MealDetailScrollView.swift */ = {isa = PBXFileReference; lastKnownFileType = sourcecode.swift; path = MealDetailScrollView.swift; sourceTree = "<group>"; };
		797643DD287341CA000EA1ED /* MealDetailIngredientList.swift */ = {isa = PBXFileReference; lastKnownFileType = sourcecode.swift; path = MealDetailIngredientList.swift; sourceTree = "<group>"; };
		798768C92868CAC200D2FA9E /* FetchRewards.app */ = {isa = PBXFileReference; explicitFileType = wrapper.application; includeInIndex = 0; path = FetchRewards.app; sourceTree = BUILT_PRODUCTS_DIR; };
		798768CC2868CAC200D2FA9E /* AppDelegate.swift */ = {isa = PBXFileReference; lastKnownFileType = sourcecode.swift; path = AppDelegate.swift; sourceTree = "<group>"; };
		798768CE2868CAC200D2FA9E /* SceneDelegate.swift */ = {isa = PBXFileReference; lastKnownFileType = sourcecode.swift; path = SceneDelegate.swift; sourceTree = "<group>"; };
		798768D52868CAC300D2FA9E /* Assets.xcassets */ = {isa = PBXFileReference; lastKnownFileType = folder.assetcatalog; path = Assets.xcassets; sourceTree = "<group>"; };
		798768D82868CAC300D2FA9E /* Base */ = {isa = PBXFileReference; lastKnownFileType = file.storyboard; name = Base; path = Base.lproj/LaunchScreen.storyboard; sourceTree = "<group>"; };
		798768DA2868CAC300D2FA9E /* Info.plist */ = {isa = PBXFileReference; lastKnownFileType = text.plist.xml; path = Info.plist; sourceTree = "<group>"; };
		798768E02868D4EE00D2FA9E /* Meal.swift */ = {isa = PBXFileReference; lastKnownFileType = sourcecode.swift; path = Meal.swift; sourceTree = "<group>"; };
		798768E22868D70400D2FA9E /* MealDetail.swift */ = {isa = PBXFileReference; lastKnownFileType = sourcecode.swift; path = MealDetail.swift; sourceTree = "<group>"; };
		798768F1286A510F00D2FA9E /* Image-Resizable.swift */ = {isa = PBXFileReference; lastKnownFileType = sourcecode.swift; path = "Image-Resizable.swift"; sourceTree = "<group>"; };
		79A46F20286F906C0033BF6E /* MealListTableViewController.swift */ = {isa = PBXFileReference; lastKnownFileType = sourcecode.swift; path = MealListTableViewController.swift; sourceTree = "<group>"; };
		79A46F22286F90E10033BF6E /* MealListTableViewDataSource.swift */ = {isa = PBXFileReference; lastKnownFileType = sourcecode.swift; path = MealListTableViewDataSource.swift; sourceTree = "<group>"; };
		79A46F26286FD5AA0033BF6E /* UIView-Anchor.swift */ = {isa = PBXFileReference; lastKnownFileType = sourcecode.swift; path = "UIView-Anchor.swift"; sourceTree = "<group>"; };
		79A46F28286FDDB10033BF6E /* MealDetailViewController.swift */ = {isa = PBXFileReference; lastKnownFileType = sourcecode.swift; path = MealDetailViewController.swift; sourceTree = "<group>"; };
		79A46F2C286FEC8E0033BF6E /* DecodableDefaultSource.swift */ = {isa = PBXFileReference; lastKnownFileType = sourcecode.swift; path = DecodableDefaultSource.swift; sourceTree = "<group>"; };
		79A46F30287238EF0033BF6E /* MealDetailViewController+Layout.swift */ = {isa = PBXFileReference; lastKnownFileType = sourcecode.swift; path = "MealDetailViewController+Layout.swift"; sourceTree = "<group>"; };
		79A46F32287245810033BF6E /* MealListTableViewController+Layout.swift */ = {isa = PBXFileReference; lastKnownFileType = sourcecode.swift; path = "MealListTableViewController+Layout.swift"; sourceTree = "<group>"; };
/* End PBXFileReference section */

/* Begin PBXFrameworksBuildPhase section */
		798768C62868CAC200D2FA9E /* Frameworks */ = {
			isa = PBXFrameworksBuildPhase;
			buildActionMask = 2147483647;
			files = (
				798768F02868F1E700D2FA9E /* Kingfisher in Frameworks */,
			);
			runOnlyForDeploymentPostprocessing = 0;
		};
/* End PBXFrameworksBuildPhase section */

/* Begin PBXGroup section */
		798768C02868CAC200D2FA9E = {
			isa = PBXGroup;
			children = (
				798768CB2868CAC200D2FA9E /* FetchRewards */,
				798768CA2868CAC200D2FA9E /* Products */,
			);
			sourceTree = "<group>";
		};
		798768CA2868CAC200D2FA9E /* Products */ = {
			isa = PBXGroup;
			children = (
				798768C92868CAC200D2FA9E /* FetchRewards.app */,
			);
			name = Products;
			sourceTree = "<group>";
		};
		798768CB2868CAC200D2FA9E /* FetchRewards */ = {
			isa = PBXGroup;
			children = (
				798768CC2868CAC200D2FA9E /* AppDelegate.swift */,
				798768CE2868CAC200D2FA9E /* SceneDelegate.swift */,
				79A46F19286F89850033BF6E /* Activities */,
				79A46F18286F89660033BF6E /* Extensions */,
				798768D52868CAC300D2FA9E /* Assets.xcassets */,
				798768D72868CAC300D2FA9E /* LaunchScreen.storyboard */,
				798768DA2868CAC300D2FA9E /* Info.plist */,
			);
			path = FetchRewards;
			sourceTree = "<group>";
		};
		79A46F18286F89660033BF6E /* Extensions */ = {
			isa = PBXGroup;
			children = (
				79A46F2C286FEC8E0033BF6E /* DecodableDefaultSource.swift */,
				798768F1286A510F00D2FA9E /* Image-Resizable.swift */,
				79A46F26286FD5AA0033BF6E /* UIView-Anchor.swift */,
			);
			path = Extensions;
			sourceTree = "<group>";
		};
		79A46F19286F89850033BF6E /* Activities */ = {
			isa = PBXGroup;
			children = (
				79A46F1B286F89950033BF6E /* MealDetails */,
				79A46F1A286F898B0033BF6E /* Meal */,
			);
			path = Activities;
			sourceTree = "<group>";
		};
		79A46F1A286F898B0033BF6E /* Meal */ = {
			isa = PBXGroup;
			children = (
				798768E02868D4EE00D2FA9E /* Meal.swift */,
				79A46F20286F906C0033BF6E /* MealListTableViewController.swift */,
				79A46F32287245810033BF6E /* MealListTableViewController+Layout.swift */,
				79A46F22286F90E10033BF6E /* MealListTableViewDataSource.swift */,
			);
			path = Meal;
			sourceTree = "<group>";
		};
		79A46F1B286F89950033BF6E /* MealDetails */ = {
			isa = PBXGroup;
			children = (
				798768E22868D70400D2FA9E /* MealDetail.swift */,
				79A46F28286FDDB10033BF6E /* MealDetailViewController.swift */,
				797643DB28733F6C000EA1ED /* MealDetailScrollView.swift */,
				797643DD287341CA000EA1ED /* MealDetailIngredientList.swift */,
				797643D728733D9E000EA1ED /* MealDetailDirectionsLabel.swift */,
				797643D528733BBE000EA1ED /* MealDetailIngredientsLabel.swift */,
				797643D928733E03000EA1ED /* MealDetailDirectionsTextLabel.swift */,
				797643D328733AFC000EA1ED /* MealDetailImageView.swift */,
				797643CF2873398C000EA1ED /* MealDetailTitleLabel.swift */,
				79A46F30287238EF0033BF6E /* MealDetailViewController+Layout.swift */,
			);
			path = MealDetails;
			sourceTree = "<group>";
		};
/* End PBXGroup section */

/* Begin PBXNativeTarget section */
		798768C82868CAC200D2FA9E /* FetchRewards */ = {
			isa = PBXNativeTarget;
			buildConfigurationList = 798768DD2868CAC300D2FA9E /* Build configuration list for PBXNativeTarget "FetchRewards" */;
			buildPhases = (
				798768C52868CAC200D2FA9E /* Sources */,
				798768C62868CAC200D2FA9E /* Frameworks */,
				798768C72868CAC200D2FA9E /* Resources */,
			);
			buildRules = (
			);
			dependencies = (
			);
			name = FetchRewards;
			packageProductDependencies = (
				798768EF2868F1E700D2FA9E /* Kingfisher */,
			);
			productName = FetchRewards;
			productReference = 798768C92868CAC200D2FA9E /* FetchRewards.app */;
			productType = "com.apple.product-type.application";
		};
/* End PBXNativeTarget section */

/* Begin PBXProject section */
		798768C12868CAC200D2FA9E /* Project object */ = {
			isa = PBXProject;
			attributes = {
				BuildIndependentTargetsInParallel = 1;
				LastSwiftUpdateCheck = 1340;
				LastUpgradeCheck = 1340;
				TargetAttributes = {
					798768C82868CAC200D2FA9E = {
						CreatedOnToolsVersion = 13.4.1;
					};
				};
			};
			buildConfigurationList = 798768C42868CAC200D2FA9E /* Build configuration list for PBXProject "FetchRewards" */;
			compatibilityVersion = "Xcode 13.0";
			developmentRegion = en;
			hasScannedForEncodings = 0;
			knownRegions = (
				en,
				Base,
			);
			mainGroup = 798768C02868CAC200D2FA9E;
			packageReferences = (
				798768EE2868F1E600D2FA9E /* XCRemoteSwiftPackageReference "Kingfisher" */,
			);
			productRefGroup = 798768CA2868CAC200D2FA9E /* Products */;
			projectDirPath = "";
			projectRoot = "";
			targets = (
				798768C82868CAC200D2FA9E /* FetchRewards */,
			);
		};
/* End PBXProject section */

/* Begin PBXResourcesBuildPhase section */
		798768C72868CAC200D2FA9E /* Resources */ = {
			isa = PBXResourcesBuildPhase;
			buildActionMask = 2147483647;
			files = (
				798768D92868CAC300D2FA9E /* LaunchScreen.storyboard in Resources */,
				798768D62868CAC300D2FA9E /* Assets.xcassets in Resources */,
			);
			runOnlyForDeploymentPostprocessing = 0;
		};
/* End PBXResourcesBuildPhase section */

/* Begin PBXSourcesBuildPhase section */
		798768C52868CAC200D2FA9E /* Sources */ = {
			isa = PBXSourcesBuildPhase;
			buildActionMask = 2147483647;
			files = (
				797643D828733D9E000EA1ED /* MealDetailDirectionsLabel.swift in Sources */,
				798768E12868D4EE00D2FA9E /* Meal.swift in Sources */,
				797643D628733BBE000EA1ED /* MealDetailIngredientsLabel.swift in Sources */,
				79A46F23286F90E10033BF6E /* MealListTableViewDataSource.swift in Sources */,
				797643DA28733E03000EA1ED /* MealDetailDirectionsTextLabel.swift in Sources */,
				797643DC28733F6C000EA1ED /* MealDetailScrollView.swift in Sources */,
				79A46F2D286FEC8E0033BF6E /* DecodableDefaultSource.swift in Sources */,
				79A46F33287245810033BF6E /* MealListTableViewController+Layout.swift in Sources */,
				797643DE287341CA000EA1ED /* MealDetailIngredientList.swift in Sources */,
				79A46F21286F906C0033BF6E /* MealListTableViewController.swift in Sources */,
				797643D02873398C000EA1ED /* MealDetailTitleLabel.swift in Sources */,
				79A46F29286FDDB10033BF6E /* MealDetailViewController.swift in Sources */,
				798768F2286A510F00D2FA9E /* Image-Resizable.swift in Sources */,
				797643D428733AFC000EA1ED /* MealDetailImageView.swift in Sources */,
				79A46F27286FD5AA0033BF6E /* UIView-Anchor.swift in Sources */,
				798768E32868D70400D2FA9E /* MealDetail.swift in Sources */,
				798768CD2868CAC200D2FA9E /* AppDelegate.swift in Sources */,
				798768CF2868CAC200D2FA9E /* SceneDelegate.swift in Sources */,
				79A46F31287238EF0033BF6E /* MealDetailViewController+Layout.swift in Sources */,
			);
			runOnlyForDeploymentPostprocessing = 0;
		};
/* End PBXSourcesBuildPhase section */

/* Begin PBXVariantGroup section */
		798768D72868CAC300D2FA9E /* LaunchScreen.storyboard */ = {
			isa = PBXVariantGroup;
			children = (
				798768D82868CAC300D2FA9E /* Base */,
			);
			name = LaunchScreen.storyboard;
			sourceTree = "<group>";
		};
/* End PBXVariantGroup section */

/* Begin XCBuildConfiguration section */
		798768DB2868CAC300D2FA9E /* Debug */ = {
			isa = XCBuildConfiguration;
			buildSettings = {
				ALWAYS_SEARCH_USER_PATHS = NO;
				CLANG_ANALYZER_NONNULL = YES;
				CLANG_ANALYZER_NUMBER_OBJECT_CONVERSION = YES_AGGRESSIVE;
				CLANG_CXX_LANGUAGE_STANDARD = "gnu++17";
				CLANG_ENABLE_MODULES = YES;
				CLANG_ENABLE_OBJC_ARC = YES;
				CLANG_ENABLE_OBJC_WEAK = YES;
				CLANG_WARN_BLOCK_CAPTURE_AUTORELEASING = YES;
				CLANG_WARN_BOOL_CONVERSION = YES;
				CLANG_WARN_COMMA = YES;
				CLANG_WARN_CONSTANT_CONVERSION = YES;
				CLANG_WARN_DEPRECATED_OBJC_IMPLEMENTATIONS = YES;
				CLANG_WARN_DIRECT_OBJC_ISA_USAGE = YES_ERROR;
				CLANG_WARN_DOCUMENTATION_COMMENTS = YES;
				CLANG_WARN_EMPTY_BODY = YES;
				CLANG_WARN_ENUM_CONVERSION = YES;
				CLANG_WARN_INFINITE_RECURSION = YES;
				CLANG_WARN_INT_CONVERSION = YES;
				CLANG_WARN_NON_LITERAL_NULL_CONVERSION = YES;
				CLANG_WARN_OBJC_IMPLICIT_RETAIN_SELF = YES;
				CLANG_WARN_OBJC_LITERAL_CONVERSION = YES;
				CLANG_WARN_OBJC_ROOT_CLASS = YES_ERROR;
				CLANG_WARN_QUOTED_INCLUDE_IN_FRAMEWORK_HEADER = YES;
				CLANG_WARN_RANGE_LOOP_ANALYSIS = YES;
				CLANG_WARN_STRICT_PROTOTYPES = YES;
				CLANG_WARN_SUSPICIOUS_MOVE = YES;
				CLANG_WARN_UNGUARDED_AVAILABILITY = YES_AGGRESSIVE;
				CLANG_WARN_UNREACHABLE_CODE = YES;
				CLANG_WARN__DUPLICATE_METHOD_MATCH = YES;
				COPY_PHASE_STRIP = NO;
				DEBUG_INFORMATION_FORMAT = dwarf;
				ENABLE_STRICT_OBJC_MSGSEND = YES;
				ENABLE_TESTABILITY = YES;
				GCC_C_LANGUAGE_STANDARD = gnu11;
				GCC_DYNAMIC_NO_PIC = NO;
				GCC_NO_COMMON_BLOCKS = YES;
				GCC_OPTIMIZATION_LEVEL = 0;
				GCC_PREPROCESSOR_DEFINITIONS = (
					"DEBUG=1",
					"$(inherited)",
				);
				GCC_WARN_64_TO_32_BIT_CONVERSION = YES;
				GCC_WARN_ABOUT_RETURN_TYPE = YES_ERROR;
				GCC_WARN_UNDECLARED_SELECTOR = YES;
				GCC_WARN_UNINITIALIZED_AUTOS = YES_AGGRESSIVE;
				GCC_WARN_UNUSED_FUNCTION = YES;
				GCC_WARN_UNUSED_VARIABLE = YES;
				IPHONEOS_DEPLOYMENT_TARGET = 15.5;
				MTL_ENABLE_DEBUG_INFO = INCLUDE_SOURCE;
				MTL_FAST_MATH = YES;
				ONLY_ACTIVE_ARCH = YES;
				SDKROOT = iphoneos;
				SWIFT_ACTIVE_COMPILATION_CONDITIONS = DEBUG;
				SWIFT_OPTIMIZATION_LEVEL = "-Onone";
			};
			name = Debug;
		};
		798768DC2868CAC300D2FA9E /* Release */ = {
			isa = XCBuildConfiguration;
			buildSettings = {
				ALWAYS_SEARCH_USER_PATHS = NO;
				CLANG_ANALYZER_NONNULL = YES;
				CLANG_ANALYZER_NUMBER_OBJECT_CONVERSION = YES_AGGRESSIVE;
				CLANG_CXX_LANGUAGE_STANDARD = "gnu++17";
				CLANG_ENABLE_MODULES = YES;
				CLANG_ENABLE_OBJC_ARC = YES;
				CLANG_ENABLE_OBJC_WEAK = YES;
				CLANG_WARN_BLOCK_CAPTURE_AUTORELEASING = YES;
				CLANG_WARN_BOOL_CONVERSION = YES;
				CLANG_WARN_COMMA = YES;
				CLANG_WARN_CONSTANT_CONVERSION = YES;
				CLANG_WARN_DEPRECATED_OBJC_IMPLEMENTATIONS = YES;
				CLANG_WARN_DIRECT_OBJC_ISA_USAGE = YES_ERROR;
				CLANG_WARN_DOCUMENTATION_COMMENTS = YES;
				CLANG_WARN_EMPTY_BODY = YES;
				CLANG_WARN_ENUM_CONVERSION = YES;
				CLANG_WARN_INFINITE_RECURSION = YES;
				CLANG_WARN_INT_CONVERSION = YES;
				CLANG_WARN_NON_LITERAL_NULL_CONVERSION = YES;
				CLANG_WARN_OBJC_IMPLICIT_RETAIN_SELF = YES;
				CLANG_WARN_OBJC_LITERAL_CONVERSION = YES;
				CLANG_WARN_OBJC_ROOT_CLASS = YES_ERROR;
				CLANG_WARN_QUOTED_INCLUDE_IN_FRAMEWORK_HEADER = YES;
				CLANG_WARN_RANGE_LOOP_ANALYSIS = YES;
				CLANG_WARN_STRICT_PROTOTYPES = YES;
				CLANG_WARN_SUSPICIOUS_MOVE = YES;
				CLANG_WARN_UNGUARDED_AVAILABILITY = YES_AGGRESSIVE;
				CLANG_WARN_UNREACHABLE_CODE = YES;
				CLANG_WARN__DUPLICATE_METHOD_MATCH = YES;
				COPY_PHASE_STRIP = NO;
				DEBUG_INFORMATION_FORMAT = "dwarf-with-dsym";
				ENABLE_NS_ASSERTIONS = NO;
				ENABLE_STRICT_OBJC_MSGSEND = YES;
				GCC_C_LANGUAGE_STANDARD = gnu11;
				GCC_NO_COMMON_BLOCKS = YES;
				GCC_WARN_64_TO_32_BIT_CONVERSION = YES;
				GCC_WARN_ABOUT_RETURN_TYPE = YES_ERROR;
				GCC_WARN_UNDECLARED_SELECTOR = YES;
				GCC_WARN_UNINITIALIZED_AUTOS = YES_AGGRESSIVE;
				GCC_WARN_UNUSED_FUNCTION = YES;
				GCC_WARN_UNUSED_VARIABLE = YES;
				IPHONEOS_DEPLOYMENT_TARGET = 15.5;
				MTL_ENABLE_DEBUG_INFO = NO;
				MTL_FAST_MATH = YES;
				SDKROOT = iphoneos;
				SWIFT_COMPILATION_MODE = wholemodule;
				SWIFT_OPTIMIZATION_LEVEL = "-O";
				VALIDATE_PRODUCT = YES;
			};
			name = Release;
		};
		798768DE2868CAC300D2FA9E /* Debug */ = {
			isa = XCBuildConfiguration;
			buildSettings = {
				ASSETCATALOG_COMPILER_APPICON_NAME = AppIcon;
				ASSETCATALOG_COMPILER_GLOBAL_ACCENT_COLOR_NAME = AccentColor;
				CODE_SIGN_STYLE = Automatic;
				CURRENT_PROJECT_VERSION = 1;
				DEVELOPMENT_TEAM = D4RQLUZ88Q;
				GENERATE_INFOPLIST_FILE = YES;
				INFOPLIST_FILE = FetchRewards/Info.plist;
				INFOPLIST_KEY_UIApplicationSupportsIndirectInputEvents = YES;
				INFOPLIST_KEY_UILaunchStoryboardName = LaunchScreen;
				INFOPLIST_KEY_UISupportedInterfaceOrientations_iPad = "UIInterfaceOrientationPortrait UIInterfaceOrientationPortraitUpsideDown UIInterfaceOrientationLandscapeLeft UIInterfaceOrientationLandscapeRight";
				INFOPLIST_KEY_UISupportedInterfaceOrientations_iPhone = "UIInterfaceOrientationPortrait UIInterfaceOrientationLandscapeLeft UIInterfaceOrientationLandscapeRight";
				LD_RUNPATH_SEARCH_PATHS = (
					"$(inherited)",
					"@executable_path/Frameworks",
				);
				MARKETING_VERSION = 1.0;
				PRODUCT_BUNDLE_IDENTIFIER = code.FetchRewards;
				PRODUCT_NAME = "$(TARGET_NAME)";
				SWIFT_EMIT_LOC_STRINGS = YES;
				SWIFT_VERSION = 5.0;
				TARGETED_DEVICE_FAMILY = "1,2";
			};
			name = Debug;
		};
		798768DF2868CAC300D2FA9E /* Release */ = {
			isa = XCBuildConfiguration;
			buildSettings = {
				ASSETCATALOG_COMPILER_APPICON_NAME = AppIcon;
				ASSETCATALOG_COMPILER_GLOBAL_ACCENT_COLOR_NAME = AccentColor;
				CODE_SIGN_STYLE = Automatic;
				CURRENT_PROJECT_VERSION = 1;
				DEVELOPMENT_TEAM = D4RQLUZ88Q;
				GENERATE_INFOPLIST_FILE = YES;
				INFOPLIST_FILE = FetchRewards/Info.plist;
				INFOPLIST_KEY_UIApplicationSupportsIndirectInputEvents = YES;
				INFOPLIST_KEY_UILaunchStoryboardName = LaunchScreen;
				INFOPLIST_KEY_UISupportedInterfaceOrientations_iPad = "UIInterfaceOrientationPortrait UIInterfaceOrientationPortraitUpsideDown UIInterfaceOrientationLandscapeLeft UIInterfaceOrientationLandscapeRight";
				INFOPLIST_KEY_UISupportedInterfaceOrientations_iPhone = "UIInterfaceOrientationPortrait UIInterfaceOrientationLandscapeLeft UIInterfaceOrientationLandscapeRight";
				LD_RUNPATH_SEARCH_PATHS = (
					"$(inherited)",
					"@executable_path/Frameworks",
				);
				MARKETING_VERSION = 1.0;
				PRODUCT_BUNDLE_IDENTIFIER = code.FetchRewards;
				PRODUCT_NAME = "$(TARGET_NAME)";
				SWIFT_EMIT_LOC_STRINGS = YES;
				SWIFT_VERSION = 5.0;
				TARGETED_DEVICE_FAMILY = "1,2";
			};
			name = Release;
		};
/* End XCBuildConfiguration section */

/* Begin XCConfigurationList section */
		798768C42868CAC200D2FA9E /* Build configuration list for PBXProject "FetchRewards" */ = {
			isa = XCConfigurationList;
			buildConfigurations = (
				798768DB2868CAC300D2FA9E /* Debug */,
				798768DC2868CAC300D2FA9E /* Release */,
			);
			defaultConfigurationIsVisible = 0;
			defaultConfigurationName = Release;
		};
		798768DD2868CAC300D2FA9E /* Build configuration list for PBXNativeTarget "FetchRewards" */ = {
			isa = XCConfigurationList;
			buildConfigurations = (
				798768DE2868CAC300D2FA9E /* Debug */,
				798768DF2868CAC300D2FA9E /* Release */,
			);
			defaultConfigurationIsVisible = 0;
			defaultConfigurationName = Release;
		};
/* End XCConfigurationList section */

/* Begin XCRemoteSwiftPackageReference section */
		798768EE2868F1E600D2FA9E /* XCRemoteSwiftPackageReference "Kingfisher" */ = {
			isa = XCRemoteSwiftPackageReference;
			repositoryURL = "https://github.com/onevcat/Kingfisher";
			requirement = {
				kind = upToNextMajorVersion;
				minimumVersion = 7.0.0;
			};
		};
/* End XCRemoteSwiftPackageReference section */

/* Begin XCSwiftPackageProductDependency section */
		798768EF2868F1E700D2FA9E /* Kingfisher */ = {
			isa = XCSwiftPackageProductDependency;
			package = 798768EE2868F1E600D2FA9E /* XCRemoteSwiftPackageReference "Kingfisher" */;
			productName = Kingfisher;
		};
/* End XCSwiftPackageProductDependency section */
	};
	rootObject = 798768C12868CAC200D2FA9E /* Project object */;
}
